hash: 4dd6f0290c5aa22ff3a8732b04c5371999ad22820de304386c7170ad0abdf286
updated: 2017-08-11T08:58:46.212299486-07:00
imports:
- name: github.com/go-redis/redis
  version: 89515eebd1b5761486abd32d9e84a8f55dda7740
- name: github.com/gorilla/handlers
  version: a4043c62cc2329bacda331d33fc908ab11ef0ec3
- name: github.com/gorilla/mux
  version: bcd8bc72b08df0f70df986b97f95590779502d31
- name: github.com/jmoiron/sqlx
  version: d9bd385d68c068f1fabb5057e3dedcbcbb039d0f
- name: github.com/joho/godotenv
  version: 726cc8b906e3d31c70a9671c90a13716a8d3f50d
- name: github.com/mattn/go-sqlite3
  version: ca5e3819723d8eeaf170ad510e7da1d6d2e94a08
- name: github.com/nbutton23/zxcvbn-go
  version: a22cb81b2ecdde8b68e9ffb8824731cbf88e1de4
- name: github.com/square/go-jose
  version: b25e6cab129e4a54675b42ea49d38e9c33ade9e6
- name: github.com/stretchr/testify
  version: 69483b4bd14f5845b5a1e55bca19e954e827f1d0
- name: golang.org/x/crypto
  version: adbae1b6b6fb4b02448a0fc0dbbc9ba2b95b294d
  subpackages:
  - bcrypt
  - pbkdf2
- name: gopkg.in/square/go-jose.v2
  version: b25e6cab129e4a54675b42ea49d38e9c33ade9e6
testImports: []
